
Microsoft Visual Studio Solution File, Format Version 12.00
# Visual Studio Version 17
VisualStudioVersion = 17.0.31903.59
MinimumVisualStudioVersion = 10.0.40219.1
Project("{2150E333-8FDC-42A3-9474-1A3956D46DE8}") = "Design-Patterns", "Design-Patterns", "{B9FFB057-F30E-1DC2-0BF7-68ABDCE6A4BB}"
EndProject
Project("{2150E333-8FDC-42A3-9474-1A3956D46DE8}") = "Creation-Patterns", "Creation-Patterns", "{7291FF01-DA8E-4C08-BF32-EB27E4C01252}"
EndProject
Project("{2150E333-8FDC-42A3-9474-1A3956D46DE8}") = "Factory-Pattern", "Factory-Pattern", "{A60FBFB2-27C9-4993-2364-08849BB80AD7}"
EndProject
Project("{FAE04EC0-301F-11D3-BF4B-00C04F79EFBC}") = "BurgerFactory", "Design-Patterns\Creation-Patterns\Factory-Pattern\BurgerFactory.csproj", "{3AECB1C8-80E1-4159-A792-5BA702B38AE3}"
EndProject
Project("{2150E333-8FDC-42A3-9474-1A3956D46DE8}") = "Pragmatic-Programmer", "Pragmatic-Programmer", "{46507E51-4FD0-2076-8506-DF701BAD23E2}"
EndProject
Project("{2150E333-8FDC-42A3-9474-1A3956D46DE8}") = "TDList", "TDList", "{C0F67DAD-33B7-7FD1-48CA-FD80835C154C}"
EndProject
Project("{FAE04EC0-301F-11D3-BF4B-00C04F79EFBC}") = "TDListDomainLibrary", "Pragmatic-Programmer\TDList\TDListDomainLibrary.csproj", "{269447FA-A56B-45B3-B584-52A3661A7596}"
EndProject
Project("{FAE04EC0-301F-11D3-BF4B-00C04F79EFBC}") = "TDList.Tests", "Pragmatic-Programmer\TDList.Tests\TDList.Tests.csproj", "{607C4314-AC9E-4DDB-A715-B55FBFFBC397}"
EndProject
Project("{2150E333-8FDC-42A3-9474-1A3956D46DE8}") = "Algorithms", "Algorithms", "{5D26F3B0-2769-F421-9ACD-527FA886E1D4}"
EndProject
Project("{FAE04EC0-301F-11D3-BF4B-00C04F79EFBC}") = "Trees", "Algorithms\Trees\Trees.csproj", "{694599AF-B385-4FFC-8E06-5B1396B58535}"
EndProject
Project("{2150E333-8FDC-42A3-9474-1A3956D46DE8}") = "Trees", "Trees", "{3B032E22-AD52-6339-CD82-CF907587FD55}"
EndProject
Project("{FAE04EC0-301F-11D3-BF4B-00C04F79EFBC}") = "Trees.Tests", "Algorithms\Trees\Trees.Tests\Trees.Tests.csproj", "{61460171-4599-432E-87BC-5BF2D78BB18F}"
EndProject
Global
	GlobalSection(SolutionConfigurationPlatforms) = preSolution
		Debug|Any CPU = Debug|Any CPU
		Debug|x64 = Debug|x64
		Debug|x86 = Debug|x86
		Release|Any CPU = Release|Any CPU
		Release|x64 = Release|x64
		Release|x86 = Release|x86
	EndGlobalSection
	GlobalSection(ProjectConfigurationPlatforms) = postSolution
		{3AECB1C8-80E1-4159-A792-5BA702B38AE3}.Debug|Any CPU.ActiveCfg = Debug|Any CPU
		{3AECB1C8-80E1-4159-A792-5BA702B38AE3}.Debug|Any CPU.Build.0 = Debug|Any CPU
		{3AECB1C8-80E1-4159-A792-5BA702B38AE3}.Debug|x64.ActiveCfg = Debug|Any CPU
		{3AECB1C8-80E1-4159-A792-5BA702B38AE3}.Debug|x64.Build.0 = Debug|Any CPU
		{3AECB1C8-80E1-4159-A792-5BA702B38AE3}.Debug|x86.ActiveCfg = Debug|Any CPU
		{3AECB1C8-80E1-4159-A792-5BA702B38AE3}.Debug|x86.Build.0 = Debug|Any CPU
		{3AECB1C8-80E1-4159-A792-5BA702B38AE3}.Release|Any CPU.ActiveCfg = Release|Any CPU
		{3AECB1C8-80E1-4159-A792-5BA702B38AE3}.Release|Any CPU.Build.0 = Release|Any CPU
		{3AECB1C8-80E1-4159-A792-5BA702B38AE3}.Release|x64.ActiveCfg = Release|Any CPU
		{3AECB1C8-80E1-4159-A792-5BA702B38AE3}.Release|x64.Build.0 = Release|Any CPU
		{3AECB1C8-80E1-4159-A792-5BA702B38AE3}.Release|x86.ActiveCfg = Release|Any CPU
		{3AECB1C8-80E1-4159-A792-5BA702B38AE3}.Release|x86.Build.0 = Release|Any CPU
		{269447FA-A56B-45B3-B584-52A3661A7596}.Debug|Any CPU.ActiveCfg = Debug|Any CPU
		{269447FA-A56B-45B3-B584-52A3661A7596}.Debug|Any CPU.Build.0 = Debug|Any CPU
		{269447FA-A56B-45B3-B584-52A3661A7596}.Debug|x64.ActiveCfg = Debug|Any CPU
		{269447FA-A56B-45B3-B584-52A3661A7596}.Debug|x64.Build.0 = Debug|Any CPU
		{269447FA-A56B-45B3-B584-52A3661A7596}.Debug|x86.ActiveCfg = Debug|Any CPU
		{269447FA-A56B-45B3-B584-52A3661A7596}.Debug|x86.Build.0 = Debug|Any CPU
		{269447FA-A56B-45B3-B584-52A3661A7596}.Release|Any CPU.ActiveCfg = Release|Any CPU
		{269447FA-A56B-45B3-B584-52A3661A7596}.Release|Any CPU.Build.0 = Release|Any CPU
		{269447FA-A56B-45B3-B584-52A3661A7596}.Release|x64.ActiveCfg = Release|Any CPU
		{269447FA-A56B-45B3-B584-52A3661A7596}.Release|x64.Build.0 = Release|Any CPU
		{269447FA-A56B-45B3-B584-52A3661A7596}.Release|x86.ActiveCfg = Release|Any CPU
		{269447FA-A56B-45B3-B584-52A3661A7596}.Release|x86.Build.0 = Release|Any CPU
		{607C4314-AC9E-4DDB-A715-B55FBFFBC397}.Debug|Any CPU.ActiveCfg = Debug|Any CPU
		{607C4314-AC9E-4DDB-A715-B55FBFFBC397}.Debug|Any CPU.Build.0 = Debug|Any CPU
		{607C4314-AC9E-4DDB-A715-B55FBFFBC397}.Debug|x64.ActiveCfg = Debug|Any CPU
		{607C4314-AC9E-4DDB-A715-B55FBFFBC397}.Debug|x64.Build.0 = Debug|Any CPU
		{607C4314-AC9E-4DDB-A715-B55FBFFBC397}.Debug|x86.ActiveCfg = Debug|Any CPU
		{607C4314-AC9E-4DDB-A715-B55FBFFBC397}.Debug|x86.Build.0 = Debug|Any CPU
		{607C4314-AC9E-4DDB-A715-B55FBFFBC397}.Release|Any CPU.ActiveCfg = Release|Any CPU
		{607C4314-AC9E-4DDB-A715-B55FBFFBC397}.Release|Any CPU.Build.0 = Release|Any CPU
		{607C4314-AC9E-4DDB-A715-B55FBFFBC397}.Release|x64.ActiveCfg = Release|Any CPU
		{607C4314-AC9E-4DDB-A715-B55FBFFBC397}.Release|x64.Build.0 = Release|Any CPU
		{607C4314-AC9E-4DDB-A715-B55FBFFBC397}.Release|x86.ActiveCfg = Release|Any CPU
		{607C4314-AC9E-4DDB-A715-B55FBFFBC397}.Release|x86.Build.0 = Release|Any CPU
		{694599AF-B385-4FFC-8E06-5B1396B58535}.Debug|Any CPU.ActiveCfg = Debug|Any CPU
		{694599AF-B385-4FFC-8E06-5B1396B58535}.Debug|Any CPU.Build.0 = Debug|Any CPU
		{694599AF-B385-4FFC-8E06-5B1396B58535}.Debug|x64.ActiveCfg = Debug|Any CPU
		{694599AF-B385-4FFC-8E06-5B1396B58535}.Debug|x64.Build.0 = Debug|Any CPU
		{694599AF-B385-4FFC-8E06-5B1396B58535}.Debug|x86.ActiveCfg = Debug|Any CPU
		{694599AF-B385-4FFC-8E06-5B1396B58535}.Debug|x86.Build.0 = Debug|Any CPU
		{694599AF-B385-4FFC-8E06-5B1396B58535}.Release|Any CPU.ActiveCfg = Release|Any CPU
		{694599AF-B385-4FFC-8E06-5B1396B58535}.Release|Any CPU.Build.0 = Release|Any CPU
		{694599AF-B385-4FFC-8E06-5B1396B58535}.Release|x64.ActiveCfg = Release|Any CPU
		{694599AF-B385-4FFC-8E06-5B1396B58535}.Release|x64.Build.0 = Release|Any CPU
		{694599AF-B385-4FFC-8E06-5B1396B58535}.Release|x86.ActiveCfg = Release|Any CPU
		{694599AF-B385-4FFC-8E06-5B1396B58535}.Release|x86.Build.0 = Release|Any CPU
		{61460171-4599-432E-87BC-5BF2D78BB18F}.Debug|Any CPU.ActiveCfg = Debug|Any CPU
		{61460171-4599-432E-87BC-5BF2D78BB18F}.Debug|Any CPU.Build.0 = Debug|Any CPU
		{61460171-4599-432E-87BC-5BF2D78BB18F}.Debug|x64.ActiveCfg = Debug|Any CPU
		{61460171-4599-432E-87BC-5BF2D78BB18F}.Debug|x64.Build.0 = Debug|Any CPU
		{61460171-4599-432E-87BC-5BF2D78BB18F}.Debug|x86.ActiveCfg = Debug|Any CPU
		{61460171-4599-432E-87BC-5BF2D78BB18F}.Debug|x86.Build.0 = Debug|Any CPU
		{61460171-4599-432E-87BC-5BF2D78BB18F}.Release|Any CPU.ActiveCfg = Release|Any CPU
		{61460171-4599-432E-87BC-5BF2D78BB18F}.Release|Any CPU.Build.0 = Release|Any CPU
		{61460171-4599-432E-87BC-5BF2D78BB18F}.Release|x64.ActiveCfg = Release|Any CPU
		{61460171-4599-432E-87BC-5BF2D78BB18F}.Release|x64.Build.0 = Release|Any CPU
		{61460171-4599-432E-87BC-5BF2D78BB18F}.Release|x86.ActiveCfg = Release|Any CPU
		{61460171-4599-432E-87BC-5BF2D78BB18F}.Release|x86.Build.0 = Release|Any CPU
	EndGlobalSection
	GlobalSection(SolutionProperties) = preSolution
		HideSolutionNode = FALSE
	EndGlobalSection
	GlobalSection(NestedProjects) = preSolution
		{7291FF01-DA8E-4C08-BF32-EB27E4C01252} = {B9FFB057-F30E-1DC2-0BF7-68ABDCE6A4BB}
		{A60FBFB2-27C9-4993-2364-08849BB80AD7} = {7291FF01-DA8E-4C08-BF32-EB27E4C01252}
		{3AECB1C8-80E1-4159-A792-5BA702B38AE3} = {A60FBFB2-27C9-4993-2364-08849BB80AD7}
		{C0F67DAD-33B7-7FD1-48CA-FD80835C154C} = {46507E51-4FD0-2076-8506-DF701BAD23E2}
		{269447FA-A56B-45B3-B584-52A3661A7596} = {C0F67DAD-33B7-7FD1-48CA-FD80835C154C}
		{607C4314-AC9E-4DDB-A715-B55FBFFBC397} = {46507E51-4FD0-2076-8506-DF701BAD23E2}
		{694599AF-B385-4FFC-8E06-5B1396B58535} = {5D26F3B0-2769-F421-9ACD-527FA886E1D4}
		{3B032E22-AD52-6339-CD82-CF907587FD55} = {5D26F3B0-2769-F421-9ACD-527FA886E1D4}
		{61460171-4599-432E-87BC-5BF2D78BB18F} = {3B032E22-AD52-6339-CD82-CF907587FD55}
	EndGlobalSection
EndGlobal
